
Microsoft Visual Studio Solution File, Format Version 12.00
# Visual Studio Version 16
VisualStudioVersion = 16.0.29201.188
MinimumVisualStudioVersion = 10.0.40219.1
Project("{FAE04EC0-301F-11D3-BF4B-00C04F79EFBC}") = "AuthProjeto", "AuthProjeto\AuthProjeto.csproj", "{77FEFBD1-EF69-4425-B931-471165EA90A1}"
EndProject
Global
	GlobalSection(SolutionConfigurationPlatforms) = preSolution
		Debug|Any CPU = Debug|Any CPU
		Release|Any CPU = Release|Any CPU
	EndGlobalSection
	GlobalSection(ProjectConfigurationPlatforms) = postSolution
		{77FEFBD1-EF69-4425-B931-471165EA90A1}.Debug|Any CPU.ActiveCfg = Debug|Any CPU
		{77FEFBD1-EF69-4425-B931-471165EA90A1}.Debug|Any CPU.Build.0 = Debug|Any CPU
		{77FEFBD1-EF69-4425-B931-471165EA90A1}.Release|Any CPU.ActiveCfg = Release|Any CPU
		{77FEFBD1-EF69-4425-B931-471165EA90A1}.Release|Any CPU.Build.0 = Release|Any CPU
	EndGlobalSection
	GlobalSection(SolutionProperties) = preSolution
		HideSolutionNode = FALSE
	EndGlobalSection
	GlobalSection(ExtensibilityGlobals) = postSolution
		SolutionGuid = {E258F0E6-32B2-4CE5-8767-940063359D9C}
	EndGlobalSection
EndGlobal
